// !$*UTF8*$!
{
	archiveVersion = 1;
	classes = {
	};
	objectVersion = 56;
	objects = {

/* Begin PBXBuildFile section */
		04703A08ED954519E8201493 /* Pods_PorttoPre.framework in Frameworks */ = {isa = PBXBuildFile; fileRef = 2B1DABA99FB82ABE08C1D22B /* Pods_PorttoPre.framework */; };
		3402BAE6299A121100505471 /* AppDelegate.swift in Sources */ = {isa = PBXBuildFile; fileRef = 3402BAE5299A121100505471 /* AppDelegate.swift */; };
		3402BAE8299A121100505471 /* SceneDelegate.swift in Sources */ = {isa = PBXBuildFile; fileRef = 3402BAE7299A121100505471 /* SceneDelegate.swift */; };
		3402BAEA299A121100505471 /* ViewController.swift in Sources */ = {isa = PBXBuildFile; fileRef = 3402BAE9299A121100505471 /* ViewController.swift */; };
		3402BAEF299A121200505471 /* Assets.xcassets in Resources */ = {isa = PBXBuildFile; fileRef = 3402BAEE299A121200505471 /* Assets.xcassets */; };
		3402BAF2299A121200505471 /* LaunchScreen.storyboard in Resources */ = {isa = PBXBuildFile; fileRef = 3402BAF0299A121200505471 /* LaunchScreen.storyboard */; };
		3402BAFD299A121200505471 /* PorttoPreTests.swift in Sources */ = {isa = PBXBuildFile; fileRef = 3402BAFC299A121200505471 /* PorttoPreTests.swift */; };
		3402BB07299A121200505471 /* PorttoPreUITests.swift in Sources */ = {isa = PBXBuildFile; fileRef = 3402BB06299A121200505471 /* PorttoPreUITests.swift */; };
		3402BB09299A121200505471 /* PorttoPreUITestsLaunchTests.swift in Sources */ = {isa = PBXBuildFile; fileRef = 3402BB08299A121200505471 /* PorttoPreUITestsLaunchTests.swift */; };
		9BF9BD991E60DBB3C780C117 /* Pods_PorttoPreTests.framework in Frameworks */ = {isa = PBXBuildFile; fileRef = C11B2347EDD7B4882CAA58B7 /* Pods_PorttoPreTests.framework */; };
		F3948C9217CD7D7D09D7A74F /* Pods_PorttoPre_PorttoPreUITests.framework in Frameworks */ = {isa = PBXBuildFile; fileRef = D71216E59BDB8A5AC1E4598B /* Pods_PorttoPre_PorttoPreUITests.framework */; };
/* End PBXBuildFile section */

/* Begin PBXContainerItemProxy section */
		3402BAF9299A121200505471 /* PBXContainerItemProxy */ = {
			isa = PBXContainerItemProxy;
			containerPortal = 3402BADA299A121100505471 /* Project object */;
			proxyType = 1;
			remoteGlobalIDString = 3402BAE1299A121100505471;
			remoteInfo = PorttoPre;
		};
		3402BB03299A121200505471 /* PBXContainerItemProxy */ = {
			isa = PBXContainerItemProxy;
			containerPortal = 3402BADA299A121100505471 /* Project object */;
			proxyType = 1;
			remoteGlobalIDString = 3402BAE1299A121100505471;
			remoteInfo = PorttoPre;
		};
/* End PBXContainerItemProxy section */

/* Begin PBXFileReference section */
		2B1DABA99FB82ABE08C1D22B /* Pods_PorttoPre.framework */ = {isa = PBXFileReference; explicitFileType = wrapper.framework; includeInIndex = 0; path = Pods_PorttoPre.framework; sourceTree = BUILT_PRODUCTS_DIR; };
		3402BAE2299A121100505471 /* PorttoPre.app */ = {isa = PBXFileReference; explicitFileType = wrapper.application; includeInIndex = 0; path = PorttoPre.app; sourceTree = BUILT_PRODUCTS_DIR; };
		3402BAE5299A121100505471 /* AppDelegate.swift */ = {isa = PBXFileReference; lastKnownFileType = sourcecode.swift; path = AppDelegate.swift; sourceTree = "<group>"; };
		3402BAE7299A121100505471 /* SceneDelegate.swift */ = {isa = PBXFileReference; lastKnownFileType = sourcecode.swift; path = SceneDelegate.swift; sourceTree = "<group>"; };
		3402BAE9299A121100505471 /* ViewController.swift */ = {isa = PBXFileReference; lastKnownFileType = sourcecode.swift; path = ViewController.swift; sourceTree = "<group>"; };
		3402BAEE299A121200505471 /* Assets.xcassets */ = {isa = PBXFileReference; lastKnownFileType = folder.assetcatalog; path = Assets.xcassets; sourceTree = "<group>"; };
		3402BAF1299A121200505471 /* Base */ = {isa = PBXFileReference; lastKnownFileType = file.storyboard; name = Base; path = Base.lproj/LaunchScreen.storyboard; sourceTree = "<group>"; };
		3402BAF3299A121200505471 /* Info.plist */ = {isa = PBXFileReference; lastKnownFileType = text.plist.xml; path = Info.plist; sourceTree = "<group>"; };
		3402BAF8299A121200505471 /* PorttoPreTests.xctest */ = {isa = PBXFileReference; explicitFileType = wrapper.cfbundle; includeInIndex = 0; path = PorttoPreTests.xctest; sourceTree = BUILT_PRODUCTS_DIR; };
		3402BAFC299A121200505471 /* PorttoPreTests.swift */ = {isa = PBXFileReference; lastKnownFileType = sourcecode.swift; path = PorttoPreTests.swift; sourceTree = "<group>"; };
		3402BB02299A121200505471 /* PorttoPreUITests.xctest */ = {isa = PBXFileReference; explicitFileType = wrapper.cfbundle; includeInIndex = 0; path = PorttoPreUITests.xctest; sourceTree = BUILT_PRODUCTS_DIR; };
		3402BB06299A121200505471 /* PorttoPreUITests.swift */ = {isa = PBXFileReference; lastKnownFileType = sourcecode.swift; path = PorttoPreUITests.swift; sourceTree = "<group>"; };
		3402BB08299A121200505471 /* PorttoPreUITestsLaunchTests.swift */ = {isa = PBXFileReference; lastKnownFileType = sourcecode.swift; path = PorttoPreUITestsLaunchTests.swift; sourceTree = "<group>"; };
		4D9A894A43FFA91268AD41A4 /* Pods-PorttoPre-PorttoPreUITests.release.xcconfig */ = {isa = PBXFileReference; includeInIndex = 1; lastKnownFileType = text.xcconfig; name = "Pods-PorttoPre-PorttoPreUITests.release.xcconfig"; path = "Target Support Files/Pods-PorttoPre-PorttoPreUITests/Pods-PorttoPre-PorttoPreUITests.release.xcconfig"; sourceTree = "<group>"; };
		5EEC31DEE7B93868B2106204 /* Pods-PorttoPreTests.release.xcconfig */ = {isa = PBXFileReference; includeInIndex = 1; lastKnownFileType = text.xcconfig; name = "Pods-PorttoPreTests.release.xcconfig"; path = "Target Support Files/Pods-PorttoPreTests/Pods-PorttoPreTests.release.xcconfig"; sourceTree = "<group>"; };
		60A17A09ADED8844997ABADD /* Pods-PorttoPre.release.xcconfig */ = {isa = PBXFileReference; includeInIndex = 1; lastKnownFileType = text.xcconfig; name = "Pods-PorttoPre.release.xcconfig"; path = "Target Support Files/Pods-PorttoPre/Pods-PorttoPre.release.xcconfig"; sourceTree = "<group>"; };
		A59B96D39BA4912D2BADD5F7 /* Pods-PorttoPreTests.debug.xcconfig */ = {isa = PBXFileReference; includeInIndex = 1; lastKnownFileType = text.xcconfig; name = "Pods-PorttoPreTests.debug.xcconfig"; path = "Target Support Files/Pods-PorttoPreTests/Pods-PorttoPreTests.debug.xcconfig"; sourceTree = "<group>"; };
		C11B2347EDD7B4882CAA58B7 /* Pods_PorttoPreTests.framework */ = {isa = PBXFileReference; explicitFileType = wrapper.framework; includeInIndex = 0; path = Pods_PorttoPreTests.framework; sourceTree = BUILT_PRODUCTS_DIR; };
		C3F3AD7DC3F3EBE6DC70050C /* Pods-PorttoPre-PorttoPreUITests.debug.xcconfig */ = {isa = PBXFileReference; includeInIndex = 1; lastKnownFileType = text.xcconfig; name = "Pods-PorttoPre-PorttoPreUITests.debug.xcconfig"; path = "Target Support Files/Pods-PorttoPre-PorttoPreUITests/Pods-PorttoPre-PorttoPreUITests.debug.xcconfig"; sourceTree = "<group>"; };
		D71216E59BDB8A5AC1E4598B /* Pods_PorttoPre_PorttoPreUITests.framework */ = {isa = PBXFileReference; explicitFileType = wrapper.framework; includeInIndex = 0; path = Pods_PorttoPre_PorttoPreUITests.framework; sourceTree = BUILT_PRODUCTS_DIR; };
		D9154BADB6C8EB01EC1858AE /* Pods-PorttoPre.debug.xcconfig */ = {isa = PBXFileReference; includeInIndex = 1; lastKnownFileType = text.xcconfig; name = "Pods-PorttoPre.debug.xcconfig"; path = "Target Support Files/Pods-PorttoPre/Pods-PorttoPre.debug.xcconfig"; sourceTree = "<group>"; };
/* End PBXFileReference section */

/* Begin PBXFrameworksBuildPhase section */
		3402BADF299A121100505471 /* Frameworks */ = {
			isa = PBXFrameworksBuildPhase;
			buildActionMask = 2147483647;
			files = (
				04703A08ED954519E8201493 /* Pods_PorttoPre.framework in Frameworks */,
			);
			runOnlyForDeploymentPostprocessing = 0;
		};
		3402BAF5299A121200505471 /* Frameworks */ = {
			isa = PBXFrameworksBuildPhase;
			buildActionMask = 2147483647;
			files = (
				9BF9BD991E60DBB3C780C117 /* Pods_PorttoPreTests.framework in Frameworks */,
			);
			runOnlyForDeploymentPostprocessing = 0;
		};
		3402BAFF299A121200505471 /* Frameworks */ = {
			isa = PBXFrameworksBuildPhase;
			buildActionMask = 2147483647;
			files = (
				F3948C9217CD7D7D09D7A74F /* Pods_PorttoPre_PorttoPreUITests.framework in Frameworks */,
			);
			runOnlyForDeploymentPostprocessing = 0;
		};
/* End PBXFrameworksBuildPhase section */

/* Begin PBXGroup section */
		3402BAD9299A121100505471 = {
			isa = PBXGroup;
			children = (
				3402BAE4299A121100505471 /* PorttoPre */,
				3402BAFB299A121200505471 /* PorttoPreTests */,
				3402BB05299A121200505471 /* PorttoPreUITests */,
				3402BAE3299A121100505471 /* Products */,
				D929581945AA0FA071106560 /* Pods */,
				ABD0B0021CD1915A55F61A4F /* Frameworks */,
			);
			sourceTree = "<group>";
		};
		3402BAE3299A121100505471 /* Products */ = {
			isa = PBXGroup;
			children = (
				3402BAE2299A121100505471 /* PorttoPre.app */,
				3402BAF8299A121200505471 /* PorttoPreTests.xctest */,
				3402BB02299A121200505471 /* PorttoPreUITests.xctest */,
			);
			name = Products;
			sourceTree = "<group>";
		};
		3402BAE4299A121100505471 /* PorttoPre */ = {
			isa = PBXGroup;
			children = (
				3402BAE5299A121100505471 /* AppDelegate.swift */,
				3402BAE7299A121100505471 /* SceneDelegate.swift */,
				3402BAE9299A121100505471 /* ViewController.swift */,
				3402BAEE299A121200505471 /* Assets.xcassets */,
				3402BAF0299A121200505471 /* LaunchScreen.storyboard */,
				3402BAF3299A121200505471 /* Info.plist */,
			);
			path = PorttoPre;
			sourceTree = "<group>";
		};
		3402BAFB299A121200505471 /* PorttoPreTests */ = {
			isa = PBXGroup;
			children = (
				3402BAFC299A121200505471 /* PorttoPreTests.swift */,
			);
			path = PorttoPreTests;
			sourceTree = "<group>";
		};
		3402BB05299A121200505471 /* PorttoPreUITests */ = {
			isa = PBXGroup;
			children = (
				3402BB06299A121200505471 /* PorttoPreUITests.swift */,
				3402BB08299A121200505471 /* PorttoPreUITestsLaunchTests.swift */,
			);
			path = PorttoPreUITests;
			sourceTree = "<group>";
		};
		ABD0B0021CD1915A55F61A4F /* Frameworks */ = {
			isa = PBXGroup;
			children = (
				2B1DABA99FB82ABE08C1D22B /* Pods_PorttoPre.framework */,
				D71216E59BDB8A5AC1E4598B /* Pods_PorttoPre_PorttoPreUITests.framework */,
				C11B2347EDD7B4882CAA58B7 /* Pods_PorttoPreTests.framework */,
			);
			name = Frameworks;
			sourceTree = "<group>";
		};
		D929581945AA0FA071106560 /* Pods */ = {
			isa = PBXGroup;
			children = (
				D9154BADB6C8EB01EC1858AE /* Pods-PorttoPre.debug.xcconfig */,
				60A17A09ADED8844997ABADD /* Pods-PorttoPre.release.xcconfig */,
				C3F3AD7DC3F3EBE6DC70050C /* Pods-PorttoPre-PorttoPreUITests.debug.xcconfig */,
				4D9A894A43FFA91268AD41A4 /* Pods-PorttoPre-PorttoPreUITests.release.xcconfig */,
				A59B96D39BA4912D2BADD5F7 /* Pods-PorttoPreTests.debug.xcconfig */,
				5EEC31DEE7B93868B2106204 /* Pods-PorttoPreTests.release.xcconfig */,
			);
			path = Pods;
			sourceTree = "<group>";
		};
/* End PBXGroup section */

/* Begin PBXNativeTarget section */
		3402BAE1299A121100505471 /* PorttoPre */ = {
			isa = PBXNativeTarget;
			buildConfigurationList = 3402BB0C299A121200505471 /* Build configuration list for PBXNativeTarget "PorttoPre" */;
			buildPhases = (
				F8DD41E9E7989B8147DBD419 /* [CP] Check Pods Manifest.lock */,
				3402BADE299A121100505471 /* Sources */,
				3402BADF299A121100505471 /* Frameworks */,
				3402BAE0299A121100505471 /* Resources */,
			);
			buildRules = (
			);
			dependencies = (
			);
			name = PorttoPre;
			productName = PorttoPre;
			productReference = 3402BAE2299A121100505471 /* PorttoPre.app */;
			productType = "com.apple.product-type.application";
		};
		3402BAF7299A121200505471 /* PorttoPreTests */ = {
			isa = PBXNativeTarget;
			buildConfigurationList = 3402BB0F299A121200505471 /* Build configuration list for PBXNativeTarget "PorttoPreTests" */;
			buildPhases = (
				C59E425EF66A71D8F8660687 /* [CP] Check Pods Manifest.lock */,
				3402BAF4299A121200505471 /* Sources */,
				3402BAF5299A121200505471 /* Frameworks */,
				3402BAF6299A121200505471 /* Resources */,
			);
			buildRules = (
			);
			dependencies = (
				3402BAFA299A121200505471 /* PBXTargetDependency */,
			);
			name = PorttoPreTests;
			productName = PorttoPreTests;
			productReference = 3402BAF8299A121200505471 /* PorttoPreTests.xctest */;
			productType = "com.apple.product-type.bundle.unit-test";
		};
		3402BB01299A121200505471 /* PorttoPreUITests */ = {
			isa = PBXNativeTarget;
			buildConfigurationList = 3402BB12299A121200505471 /* Build configuration list for PBXNativeTarget "PorttoPreUITests" */;
			buildPhases = (
				F7730723752E9C4542053BB6 /* [CP] Check Pods Manifest.lock */,
				3402BAFE299A121200505471 /* Sources */,
				3402BAFF299A121200505471 /* Frameworks */,
				3402BB00299A121200505471 /* Resources */,
			);
			buildRules = (
			);
			dependencies = (
				3402BB04299A121200505471 /* PBXTargetDependency */,
			);
			name = PorttoPreUITests;
			productName = PorttoPreUITests;
			productReference = 3402BB02299A121200505471 /* PorttoPreUITests.xctest */;
			productType = "com.apple.product-type.bundle.ui-testing";
		};
/* End PBXNativeTarget section */

/* Begin PBXProject section */
		3402BADA299A121100505471 /* Project object */ = {
			isa = PBXProject;
			attributes = {
				BuildIndependentTargetsInParallel = 1;
				LastSwiftUpdateCheck = 1420;
				LastUpgradeCheck = 1420;
				TargetAttributes = {
					3402BAE1299A121100505471 = {
						CreatedOnToolsVersion = 14.2;
					};
					3402BAF7299A121200505471 = {
						CreatedOnToolsVersion = 14.2;
						TestTargetID = 3402BAE1299A121100505471;
					};
					3402BB01299A121200505471 = {
						CreatedOnToolsVersion = 14.2;
						TestTargetID = 3402BAE1299A121100505471;
					};
				};
			};
			buildConfigurationList = 3402BADD299A121100505471 /* Build configuration list for PBXProject "PorttoPre" */;
			compatibilityVersion = "Xcode 14.0";
			developmentRegion = en;
			hasScannedForEncodings = 0;
			knownRegions = (
				en,
				Base,
			);
			mainGroup = 3402BAD9299A121100505471;
			productRefGroup = 3402BAE3299A121100505471 /* Products */;
			projectDirPath = "";
			projectRoot = "";
			targets = (
				3402BAE1299A121100505471 /* PorttoPre */,
				3402BAF7299A121200505471 /* PorttoPreTests */,
				3402BB01299A121200505471 /* PorttoPreUITests */,
			);
		};
/* End PBXProject section */

/* Begin PBXResourcesBuildPhase section */
		3402BAE0299A121100505471 /* Resources */ = {
			isa = PBXResourcesBuildPhase;
			buildActionMask = 2147483647;
			files = (
				3402BAF2299A121200505471 /* LaunchScreen.storyboard in Resources */,
				3402BAEF299A121200505471 /* Assets.xcassets in Resources */,
			);
			runOnlyForDeploymentPostprocessing = 0;
		};
		3402BAF6299A121200505471 /* Resources */ = {
			isa = PBXResourcesBuildPhase;
			buildActionMask = 2147483647;
			files = (
			);
			runOnlyForDeploymentPostprocessing = 0;
		};
		3402BB00299A121200505471 /* Resources */ = {
			isa = PBXResourcesBuildPhase;
			buildActionMask = 2147483647;
			files = (
			);
			runOnlyForDeploymentPostprocessing = 0;
		};
/* End PBXResourcesBuildPhase section */

/* Begin PBXShellScriptBuildPhase section */
		C59E425EF66A71D8F8660687 /* [CP] Check Pods Manifest.lock */ = {
			isa = PBXShellScriptBuildPhase;
			buildActionMask = 2147483647;
			files = (
			);
			inputFileListPaths = (
			);
			inputPaths = (
				"${PODS_PODFILE_DIR_PATH}/Podfile.lock",
				"${PODS_ROOT}/Manifest.lock",
			);
			name = "[CP] Check Pods Manifest.lock";
			outputFileListPaths = (
			);
			outputPaths = (
				"$(DERIVED_FILE_DIR)/Pods-PorttoPreTests-checkManifestLockResult.txt",
			);
			runOnlyForDeploymentPostprocessing = 0;
			shellPath = /bin/sh;
			shellScript = "diff \"${PODS_PODFILE_DIR_PATH}/Podfile.lock\" \"${PODS_ROOT}/Manifest.lock\" > /dev/null\nif [ $? != 0 ] ; then\n    # print error to STDERR\n    echo \"error: The sandbox is not in sync with the Podfile.lock. Run 'pod install' or update your CocoaPods installation.\" >&2\n    exit 1\nfi\n# This output is used by Xcode 'outputs' to avoid re-running this script phase.\necho \"SUCCESS\" > \"${SCRIPT_OUTPUT_FILE_0}\"\n";
			showEnvVarsInLog = 0;
		};
		F7730723752E9C4542053BB6 /* [CP] Check Pods Manifest.lock */ = {
			isa = PBXShellScriptBuildPhase;
			buildActionMask = 2147483647;
			files = (
			);
			inputFileListPaths = (
			);
			inputPaths = (
				"${PODS_PODFILE_DIR_PATH}/Podfile.lock",
				"${PODS_ROOT}/Manifest.lock",
			);
			name = "[CP] Check Pods Manifest.lock";
			outputFileListPaths = (
			);
			outputPaths = (
				"$(DERIVED_FILE_DIR)/Pods-PorttoPre-PorttoPreUITests-checkManifestLockResult.txt",
			);
			runOnlyForDeploymentPostprocessing = 0;
			shellPath = /bin/sh;
			shellScript = "diff \"${PODS_PODFILE_DIR_PATH}/Podfile.lock\" \"${PODS_ROOT}/Manifest.lock\" > /dev/null\nif [ $? != 0 ] ; then\n    # print error to STDERR\n    echo \"error: The sandbox is not in sync with the Podfile.lock. Run 'pod install' or update your CocoaPods installation.\" >&2\n    exit 1\nfi\n# This output is used by Xcode 'outputs' to avoid re-running this script phase.\necho \"SUCCESS\" > \"${SCRIPT_OUTPUT_FILE_0}\"\n";
			showEnvVarsInLog = 0;
		};
		F8DD41E9E7989B8147DBD419 /* [CP] Check Pods Manifest.lock */ = {
			isa = PBXShellScriptBuildPhase;
			buildActionMask = 2147483647;
			files = (
			);
			inputFileListPaths = (
			);
			inputPaths = (
				"${PODS_PODFILE_DIR_PATH}/Podfile.lock",
				"${PODS_ROOT}/Manifest.lock",
			);
			name = "[CP] Check Pods Manifest.lock";
			outputFileListPaths = (
			);
			outputPaths = (
				"$(DERIVED_FILE_DIR)/Pods-PorttoPre-checkManifestLockResult.txt",
			);
			runOnlyForDeploymentPostprocessing = 0;
			shellPath = /bin/sh;
			shellScript = "diff \"${PODS_PODFILE_DIR_PATH}/Podfile.lock\" \"${PODS_ROOT}/Manifest.lock\" > /dev/null\nif [ $? != 0 ] ; then\n    # print error to STDERR\n    echo \"error: The sandbox is not in sync with the Podfile.lock. Run 'pod install' or update your CocoaPods installation.\" >&2\n    exit 1\nfi\n# This output is used by Xcode 'outputs' to avoid re-running this script phase.\necho \"SUCCESS\" > \"${SCRIPT_OUTPUT_FILE_0}\"\n";
			showEnvVarsInLog = 0;
		};
/* End PBXShellScriptBuildPhase section */

/* Begin PBXSourcesBuildPhase section */
		3402BADE299A121100505471 /* Sources */ = {
			isa = PBXSourcesBuildPhase;
			buildActionMask = 2147483647;
			files = (
				3402BAEA299A121100505471 /* ViewController.swift in Sources */,
				3402BAE6299A121100505471 /* AppDelegate.swift in Sources */,
				3402BAE8299A121100505471 /* SceneDelegate.swift in Sources */,
			);
			runOnlyForDeploymentPostprocessing = 0;
		};
		3402BAF4299A121200505471 /* Sources */ = {
			isa = PBXSourcesBuildPhase;
			buildActionMask = 2147483647;
			files = (
				3402BAFD299A121200505471 /* PorttoPreTests.swift in Sources */,
			);
			runOnlyForDeploymentPostprocessing = 0;
		};
		3402BAFE299A121200505471 /* Sources */ = {
			isa = PBXSourcesBuildPhase;
			buildActionMask = 2147483647;
			files = (
				3402BB09299A121200505471 /* PorttoPreUITestsLaunchTests.swift in Sources */,
				3402BB07299A121200505471 /* PorttoPreUITests.swift in Sources */,
			);
			runOnlyForDeploymentPostprocessing = 0;
		};
/* End PBXSourcesBuildPhase section */

/* Begin PBXTargetDependency section */
		3402BAFA299A121200505471 /* PBXTargetDependency */ = {
			isa = PBXTargetDependency;
			target = 3402BAE1299A121100505471 /* PorttoPre */;
			targetProxy = 3402BAF9299A121200505471 /* PBXContainerItemProxy */;
		};
		3402BB04299A121200505471 /* PBXTargetDependency */ = {
			isa = PBXTargetDependency;
			target = 3402BAE1299A121100505471 /* PorttoPre */;
			targetProxy = 3402BB03299A121200505471 /* PBXContainerItemProxy */;
		};
/* End PBXTargetDependency section */

/* Begin PBXVariantGroup section */
		3402BAF0299A121200505471 /* LaunchScreen.storyboard */ = {
			isa = PBXVariantGroup;
			children = (
				3402BAF1299A121200505471 /* Base */,
			);
			name = LaunchScreen.storyboard;
			sourceTree = "<group>";
		};
/* End PBXVariantGroup section */

/* Begin XCBuildConfiguration section */
		3402BB0A299A121200505471 /* Debug */ = {
			isa = XCBuildConfiguration;
			buildSettings = {
				ALWAYS_SEARCH_USER_PATHS = NO;
				CLANG_ANALYZER_NONNULL = YES;
				CLANG_ANALYZER_NUMBER_OBJECT_CONVERSION = YES_AGGRESSIVE;
				CLANG_CXX_LANGUAGE_STANDARD = "gnu++20";
				CLANG_ENABLE_MODULES = YES;
				CLANG_ENABLE_OBJC_ARC = YES;
				CLANG_ENABLE_OBJC_WEAK = YES;
				CLANG_WARN_BLOCK_CAPTURE_AUTORELEASING = YES;
				CLANG_WARN_BOOL_CONVERSION = YES;
				CLANG_WARN_COMMA = YES;
				CLANG_WARN_CONSTANT_CONVERSION = YES;
				CLANG_WARN_DEPRECATED_OBJC_IMPLEMENTATIONS = YES;
				CLANG_WARN_DIRECT_OBJC_ISA_USAGE = YES_ERROR;
				CLANG_WARN_DOCUMENTATION_COMMENTS = YES;
				CLANG_WARN_EMPTY_BODY = YES;
				CLANG_WARN_ENUM_CONVERSION = YES;
				CLANG_WARN_INFINITE_RECURSION = YES;
				CLANG_WARN_INT_CONVERSION = YES;
				CLANG_WARN_NON_LITERAL_NULL_CONVERSION = YES;
				CLANG_WARN_OBJC_IMPLICIT_RETAIN_SELF = YES;
				CLANG_WARN_OBJC_LITERAL_CONVERSION = YES;
				CLANG_WARN_OBJC_ROOT_CLASS = YES_ERROR;
				CLANG_WARN_QUOTED_INCLUDE_IN_FRAMEWORK_HEADER = YES;
				CLANG_WARN_RANGE_LOOP_ANALYSIS = YES;
				CLANG_WARN_STRICT_PROTOTYPES = YES;
				CLANG_WARN_SUSPICIOUS_MOVE = YES;
				CLANG_WARN_UNGUARDED_AVAILABILITY = YES_AGGRESSIVE;
				CLANG_WARN_UNREACHABLE_CODE = YES;
				CLANG_WARN__DUPLICATE_METHOD_MATCH = YES;
				COPY_PHASE_STRIP = NO;
				DEBUG_INFORMATION_FORMAT = dwarf;
				ENABLE_STRICT_OBJC_MSGSEND = YES;
				ENABLE_TESTABILITY = YES;
				GCC_C_LANGUAGE_STANDARD = gnu11;
				GCC_DYNAMIC_NO_PIC = NO;
				GCC_NO_COMMON_BLOCKS = YES;
				GCC_OPTIMIZATION_LEVEL = 0;
				GCC_PREPROCESSOR_DEFINITIONS = (
					"DEBUG=1",
					"$(inherited)",
				);
				GCC_WARN_64_TO_32_BIT_CONVERSION = YES;
				GCC_WARN_ABOUT_RETURN_TYPE = YES_ERROR;
				GCC_WARN_UNDECLARED_SELECTOR = YES;
				GCC_WARN_UNINITIALIZED_AUTOS = YES_AGGRESSIVE;
				GCC_WARN_UNUSED_FUNCTION = YES;
				GCC_WARN_UNUSED_VARIABLE = YES;
				IPHONEOS_DEPLOYMENT_TARGET = 16.2;
				MTL_ENABLE_DEBUG_INFO = INCLUDE_SOURCE;
				MTL_FAST_MATH = YES;
				ONLY_ACTIVE_ARCH = YES;
				SDKROOT = iphoneos;
				SWIFT_ACTIVE_COMPILATION_CONDITIONS = DEBUG;
				SWIFT_OPTIMIZATION_LEVEL = "-Onone";
			};
			name = Debug;
		};
		3402BB0B299A121200505471 /* Release */ = {
			isa = XCBuildConfiguration;
			buildSettings = {
				ALWAYS_SEARCH_USER_PATHS = NO;
				CLANG_ANALYZER_NONNULL = YES;
				CLANG_ANALYZER_NUMBER_OBJECT_CONVERSION = YES_AGGRESSIVE;
				CLANG_CXX_LANGUAGE_STANDARD = "gnu++20";
				CLANG_ENABLE_MODULES = YES;
				CLANG_ENABLE_OBJC_ARC = YES;
				CLANG_ENABLE_OBJC_WEAK = YES;
				CLANG_WARN_BLOCK_CAPTURE_AUTORELEASING = YES;
				CLANG_WARN_BOOL_CONVERSION = YES;
				CLANG_WARN_COMMA = YES;
				CLANG_WARN_CONSTANT_CONVERSION = YES;
				CLANG_WARN_DEPRECATED_OBJC_IMPLEMENTATIONS = YES;
				CLANG_WARN_DIRECT_OBJC_ISA_USAGE = YES_ERROR;
				CLANG_WARN_DOCUMENTATION_COMMENTS = YES;
				CLANG_WARN_EMPTY_BODY = YES;
				CLANG_WARN_ENUM_CONVERSION = YES;
				CLANG_WARN_INFINITE_RECURSION = YES;
				CLANG_WARN_INT_CONVERSION = YES;
				CLANG_WARN_NON_LITERAL_NULL_CONVERSION = YES;
				CLANG_WARN_OBJC_IMPLICIT_RETAIN_SELF = YES;
				CLANG_WARN_OBJC_LITERAL_CONVERSION = YES;
				CLANG_WARN_OBJC_ROOT_CLASS = YES_ERROR;
				CLANG_WARN_QUOTED_INCLUDE_IN_FRAMEWORK_HEADER = YES;
				CLANG_WARN_RANGE_LOOP_ANALYSIS = YES;
				CLANG_WARN_STRICT_PROTOTYPES = YES;
				CLANG_WARN_SUSPICIOUS_MOVE = YES;
				CLANG_WARN_UNGUARDED_AVAILABILITY = YES_AGGRESSIVE;
				CLANG_WARN_UNREACHABLE_CODE = YES;
				CLANG_WARN__DUPLICATE_METHOD_MATCH = YES;
				COPY_PHASE_STRIP = NO;
				DEBUG_INFORMATION_FORMAT = "dwarf-with-dsym";
				ENABLE_NS_ASSERTIONS = NO;
				ENABLE_STRICT_OBJC_MSGSEND = YES;
				GCC_C_LANGUAGE_STANDARD = gnu11;
				GCC_NO_COMMON_BLOCKS = YES;
				GCC_WARN_64_TO_32_BIT_CONVERSION = YES;
				GCC_WARN_ABOUT_RETURN_TYPE = YES_ERROR;
				GCC_WARN_UNDECLARED_SELECTOR = YES;
				GCC_WARN_UNINITIALIZED_AUTOS = YES_AGGRESSIVE;
				GCC_WARN_UNUSED_FUNCTION = YES;
				GCC_WARN_UNUSED_VARIABLE = YES;
				IPHONEOS_DEPLOYMENT_TARGET = 16.2;
				MTL_ENABLE_DEBUG_INFO = NO;
				MTL_FAST_MATH = YES;
				SDKROOT = iphoneos;
				SWIFT_COMPILATION_MODE = wholemodule;
				SWIFT_OPTIMIZATION_LEVEL = "-O";
				VALIDATE_PRODUCT = YES;
			};
			name = Release;
		};
		3402BB0D299A121200505471 /* Debug */ = {
			isa = XCBuildConfiguration;
			baseConfigurationReference = D9154BADB6C8EB01EC1858AE /* Pods-PorttoPre.debug.xcconfig */;
			buildSettings = {
				ASSETCATALOG_COMPILER_APPICON_NAME = AppIcon;
				ASSETCATALOG_COMPILER_GLOBAL_ACCENT_COLOR_NAME = AccentColor;
				CODE_SIGN_STYLE = Automatic;
				CURRENT_PROJECT_VERSION = 1;
				GENERATE_INFOPLIST_FILE = YES;
				INFOPLIST_FILE = PorttoPre/Info.plist;
				INFOPLIST_KEY_UIApplicationSupportsIndirectInputEvents = YES;
				INFOPLIST_KEY_UILaunchStoryboardName = LaunchScreen;
				INFOPLIST_KEY_UIStatusBarStyle = "";
				INFOPLIST_KEY_UISupportedInterfaceOrientations = UIInterfaceOrientationPortrait;
				INFOPLIST_KEY_UISupportedInterfaceOrientations_iPad = "UIInterfaceOrientationLandscapeLeft UIInterfaceOrientationLandscapeRight UIInterfaceOrientationPortrait UIInterfaceOrientationPortraitUpsideDown";
				IPHONEOS_DEPLOYMENT_TARGET = 15.0;
				LD_RUNPATH_SEARCH_PATHS = (
					"$(inherited)",
					"@executable_path/Frameworks",
				);
				MARKETING_VERSION = 1.0;
				PRODUCT_BUNDLE_IDENTIFIER = shane.PorttoPre;
				PRODUCT_NAME = "$(TARGET_NAME)";
				SUPPORTED_PLATFORMS = "iphoneos iphonesimulator";
				SUPPORTS_MACCATALYST = NO;
				SUPPORTS_MAC_DESIGNED_FOR_IPHONE_IPAD = NO;
				SWIFT_EMIT_LOC_STRINGS = YES;
				SWIFT_VERSION = 5.0;
				TARGETED_DEVICE_FAMILY = 1;
			};
			name = Debug;
		};
		3402BB0E299A121200505471 /* Release */ = {
			isa = XCBuildConfiguration;
			baseConfigurationReference = 60A17A09ADED8844997ABADD /* Pods-PorttoPre.release.xcconfig */;
			buildSettings = {
				ASSETCATALOG_COMPILER_APPICON_NAME = AppIcon;
				ASSETCATALOG_COMPILER_GLOBAL_ACCENT_COLOR_NAME = AccentColor;
				CODE_SIGN_STYLE = Automatic;
				CURRENT_PROJECT_VERSION = 1;
				GENERATE_INFOPLIST_FILE = YES;
				INFOPLIST_FILE = PorttoPre/Info.plist;
				INFOPLIST_KEY_UIApplicationSupportsIndirectInputEvents = YES;
				INFOPLIST_KEY_UILaunchStoryboardName = LaunchScreen;
				INFOPLIST_KEY_UIStatusBarStyle = "";
				INFOPLIST_KEY_UISupportedInterfaceOrientations = UIInterfaceOrientationPortrait;
				INFOPLIST_KEY_UISupportedInterfaceOrientations_iPad = "UIInterfaceOrientationLandscapeLeft UIInterfaceOrientationLandscapeRight UIInterfaceOrientationPortrait UIInterfaceOrientationPortraitUpsideDown";
				IPHONEOS_DEPLOYMENT_TARGET = 15.0;
				LD_RUNPATH_SEARCH_PATHS = (
					"$(inherited)",
					"@executable_path/Frameworks",
				);
				MARKETING_VERSION = 1.0;
				PRODUCT_BUNDLE_IDENTIFIER = shane.PorttoPre;
				PRODUCT_NAME = "$(TARGET_NAME)";
				SUPPORTED_PLATFORMS = "iphoneos iphonesimulator";
				SUPPORTS_MACCATALYST = NO;
				SUPPORTS_MAC_DESIGNED_FOR_IPHONE_IPAD = NO;
				SWIFT_EMIT_LOC_STRINGS = YES;
				SWIFT_VERSION = 5.0;
				TARGETED_DEVICE_FAMILY = 1;
			};
			name = Release;
		};
		3402BB10299A121200505471 /* Debug */ = {
			isa = XCBuildConfiguration;
			baseConfigurationReference = A59B96D39BA4912D2BADD5F7 /* Pods-PorttoPreTests.debug.xcconfig */;
			buildSettings = {
				ALWAYS_EMBED_SWIFT_STANDARD_LIBRARIES = YES;
				BUNDLE_LOADER = "$(TEST_HOST)";
				CODE_SIGN_STYLE = Automatic;
				CURRENT_PROJECT_VERSION = 1;
				GENERATE_INFOPLIST_FILE = YES;
				IPHONEOS_DEPLOYMENT_TARGET = 16.2;
				MARKETING_VERSION = 1.0;
				PRODUCT_BUNDLE_IDENTIFIER = shane.PorttoPreTests;
				PRODUCT_NAME = "$(TARGET_NAME)";
				SWIFT_EMIT_LOC_STRINGS = NO;
				SWIFT_VERSION = 5.0;
				TARGETED_DEVICE_FAMILY = "1,2";
				TEST_HOST = "$(BUILT_PRODUCTS_DIR)/PorttoPre.app/$(BUNDLE_EXECUTABLE_FOLDER_PATH)/PorttoPre";
			};
			name = Debug;
		};
		3402BB11299A121200505471 /* Release */ = {
			isa = XCBuildConfiguration;
			baseConfigurationReference = 5EEC31DEE7B93868B2106204 /* Pods-PorttoPreTests.release.xcconfig */;
			buildSettings = {
				ALWAYS_EMBED_SWIFT_STANDARD_LIBRARIES = YES;
				BUNDLE_LOADER = "$(TEST_HOST)";
				CODE_SIGN_STYLE = Automatic;
				CURRENT_PROJECT_VERSION = 1;
				GENERATE_INFOPLIST_FILE = YES;
				IPHONEOS_DEPLOYMENT_TARGET = 16.2;
				MARKETING_VERSION = 1.0;
				PRODUCT_BUNDLE_IDENTIFIER = shane.PorttoPreTests;
				PRODUCT_NAME = "$(TARGET_NAME)";
				SWIFT_EMIT_LOC_STRINGS = NO;
				SWIFT_VERSION = 5.0;
				TARGETED_DEVICE_FAMILY = "1,2";
				TEST_HOST = "$(BUILT_PRODUCTS_DIR)/PorttoPre.app/$(BUNDLE_EXECUTABLE_FOLDER_PATH)/PorttoPre";
			};
			name = Release;
		};
		3402BB13299A121200505471 /* Debug */ = {
			isa = XCBuildConfiguration;
			baseConfigurationReference = C3F3AD7DC3F3EBE6DC70050C /* Pods-PorttoPre-PorttoPreUITests.debug.xcconfig */;
			buildSettings = {
				ALWAYS_EMBED_SWIFT_STANDARD_LIBRARIES = YES;
				CODE_SIGN_STYLE = Automatic;
				CURRENT_PROJECT_VERSION = 1;
				GENERATE_INFOPLIST_FILE = YES;
				MARKETING_VERSION = 1.0;
				PRODUCT_BUNDLE_IDENTIFIER = shane.PorttoPreUITests;
				PRODUCT_NAME = "$(TARGET_NAME)";
				SWIFT_EMIT_LOC_STRINGS = NO;
				SWIFT_VERSION = 5.0;
				TARGETED_DEVICE_FAMILY = "1,2";
				TEST_TARGET_NAME = PorttoPre;
			};
			name = Debug;
		};
		3402BB14299A121200505471 /* Release */ = {
			isa = XCBuildConfiguration;
			baseConfigurationReference = 4D9A894A43FFA91268AD41A4 /* Pods-PorttoPre-PorttoPreUITests.release.xcconfig */;
			buildSettings = {
				ALWAYS_EMBED_SWIFT_STANDARD_LIBRARIES = YES;
				CODE_SIGN_STYLE = Automatic;
				CURRENT_PROJECT_VERSION = 1;
				GENERATE_INFOPLIST_FILE = YES;
				MARKETING_VERSION = 1.0;
				PRODUCT_BUNDLE_IDENTIFIER = shane.PorttoPreUITests;
				PRODUCT_NAME = "$(TARGET_NAME)";
				SWIFT_EMIT_LOC_STRINGS = NO;
				SWIFT_VERSION = 5.0;
				TARGETED_DEVICE_FAMILY = "1,2";
				TEST_TARGET_NAME = PorttoPre;
			};
			name = Release;
		};
/* End XCBuildConfiguration section */

/* Begin XCConfigurationList section */
		3402BADD299A121100505471 /* Build configuration list for PBXProject "PorttoPre" */ = {
			isa = XCConfigurationList;
			buildConfigurations = (
				3402BB0A299A121200505471 /* Debug */,
				3402BB0B299A121200505471 /* Release */,
			);
			defaultConfigurationIsVisible = 0;
			defaultConfigurationName = Release;
		};
		3402BB0C299A121200505471 /* Build configuration list for PBXNativeTarget "PorttoPre" */ = {
			isa = XCConfigurationList;
			buildConfigurations = (
				3402BB0D299A121200505471 /* Debug */,
				3402BB0E299A121200505471 /* Release */,
			);
			defaultConfigurationIsVisible = 0;
			defaultConfigurationName = Release;
		};
		3402BB0F299A121200505471 /* Build configuration list for PBXNativeTarget "PorttoPreTests" */ = {
			isa = XCConfigurationList;
			buildConfigurations = (
				3402BB10299A121200505471 /* Debug */,
				3402BB11299A121200505471 /* Release */,
			);
			defaultConfigurationIsVisible = 0;
			defaultConfigurationName = Release;
		};
		3402BB12299A121200505471 /* Build configuration list for PBXNativeTarget "PorttoPreUITests" */ = {
			isa = XCConfigurationList;
			buildConfigurations = (
				3402BB13299A121200505471 /* Debug */,
				3402BB14299A121200505471 /* Release */,
			);
			defaultConfigurationIsVisible = 0;
			defaultConfigurationName = Release;
		};
/* End XCConfigurationList section */
	};
	rootObject = 3402BADA299A121100505471 /* Project object */;
}
